
Microsoft Visual Studio Solution File, Format Version 12.00
# Visual Studio Version 16
VisualStudioVersion = 16.0.30523.141
MinimumVisualStudioVersion = 10.0.40219.1
Project("{00D1A9C2-B5F0-4AF3-8072-F6C62B433612}") = "Magaz", "Magaz\Magaz.sqlproj", "{40477D9F-B75D-42AE-BC9F-713C1B0D323C}"
EndProject
Global
	GlobalSection(SolutionConfigurationPlatforms) = preSolution
		Debug|Any CPU = Debug|Any CPU
		Release|Any CPU = Release|Any CPU
	EndGlobalSection
	GlobalSection(ProjectConfigurationPlatforms) = postSolution
		{40477D9F-B75D-42AE-BC9F-713C1B0D323C}.Debug|Any CPU.ActiveCfg = Debug|Any CPU
		{40477D9F-B75D-42AE-BC9F-713C1B0D323C}.Debug|Any CPU.Build.0 = Debug|Any CPU
		{40477D9F-B75D-42AE-BC9F-713C1B0D323C}.Debug|Any CPU.Deploy.0 = Debug|Any CPU
		{40477D9F-B75D-42AE-BC9F-713C1B0D323C}.Release|Any CPU.ActiveCfg = Release|Any CPU
		{40477D9F-B75D-42AE-BC9F-713C1B0D323C}.Release|Any CPU.Build.0 = Release|Any CPU
		{40477D9F-B75D-42AE-BC9F-713C1B0D323C}.Release|Any CPU.Deploy.0 = Release|Any CPU
	EndGlobalSection
	GlobalSection(SolutionProperties) = preSolution
		HideSolutionNode = FALSE
	EndGlobalSection
	GlobalSection(ExtensibilityGlobals) = postSolution
		SolutionGuid = {6566FFDC-8BE1-4EA0-A190-42F61119A85C}
	EndGlobalSection
EndGlobal
